# This file is generated by running "yarn install" inside your project.
# Manual changes might be lost - proceed with caution!

__metadata:
  version: 4
  cacheKey: 7

"@babel/runtime@npm:^7.0.0, @babel/runtime@npm:^7.12.0":
  version: 7.12.5
  resolution: "@babel/runtime@npm:7.12.5"
  dependencies:
    regenerator-runtime: ^0.13.4
  checksum: 423fb0079353db2faa0dad0cbdf0a90fbc5b511d1f77e5645d1aa0b144a144e24502bb023c12a31d7dca63b6e16ae36afa59992f0404e92e21de211051c361e3
  languageName: node
  linkType: hard

"@deck.gl/core@npm:6.4.10, @deck.gl/core@npm:6.x, @deck.gl/core@npm:^6.4.10":
  version: 6.4.10
  resolution: "@deck.gl/core@npm:6.4.10"
  dependencies:
    gl-matrix: ^3.0.0
    luma.gl: ^6.4.2
    math.gl: ^2.3.0
    mjolnir.js: ^2.0.3
    probe.gl: ^2.0.1
    seer: ^0.2.4
    viewport-mercator-project: ^6.1.0
  checksum: 54d19552bd4f088e1096981b25b5d2723c42dfe714cf5ee9af3212574c296641321e8900d57b67bc6297e724b0b903beb4692461641ee01a7c4a91383ac11095
  languageName: node
  linkType: hard

"@deck.gl/layers@npm:6.4.10, @deck.gl/layers@npm:6.x, @deck.gl/layers@npm:^6.4.10":
  version: 6.4.10
  resolution: "@deck.gl/layers@npm:6.4.10"
  dependencies:
    "@deck.gl/core": ^6.4.10
    "@mapbox/tiny-sdf": ^1.1.0
    d3-hexbin: ^0.2.1
    earcut: ^2.0.6
  checksum: b3a64a9c1712bc7d2e792f721a221f65c9b33744e599d4cdeca5c271fafe96c4ebd5016968feedf0f59132823197caeefc18166699429ca30f9b049558b84bef
  languageName: node
  linkType: hard

"@deck.gl/react@npm:6.4.10, @deck.gl/react@npm:^6.4.10":
  version: 6.4.10
  resolution: "@deck.gl/react@npm:6.4.10"
  dependencies:
    "@deck.gl/core": ^6.4.10
    prop-types: ^15.6.0
  peerDependencies:
    react: 0.14.x - 16.x
    react-dom: 0.14.x - 16.x
  checksum: 6e78409c0bb1750d0e31954668e33504874e3415c2383c0d2a9fa09bf4463b8e1583ed290a9a1c0a196156bb25dca7e48e64ae2aaefc143641ccd694a7be30e2
  languageName: node
  linkType: hard

"@luma.gl/constants@npm:^7.0.0-alpha.3":
  version: 7.3.2
  resolution: "@luma.gl/constants@npm:7.3.2"
  checksum: c20e6d0440aac5977a15ab31848f343b49b36d650f74f821944e4b36ea66a7e47574422ca7607a775a9cd3499c5bab0d7d3bef5062d1d17d2587af1b1d903f71
  languageName: node
  linkType: hard

"@mapbox/jsonlint-lines-primitives@npm:~2.0.2":
  version: 2.0.2
  resolution: "@mapbox/jsonlint-lines-primitives@npm:2.0.2"
  checksum: 86f1ef392fa7ea2c8eb5ecf64b4c4d8a60e5b00212e7d633992006fef36cf1cbe1645da926575e5e5a4e100bc016cc995a0d1a8f12c8124ba3756eb920cd3f4d
  languageName: node
  linkType: hard

"@mapbox/mapbox-gl-style-spec@npm:13.17.0":
  version: 13.17.0
  resolution: "@mapbox/mapbox-gl-style-spec@npm:13.17.0"
  dependencies:
    "@mapbox/jsonlint-lines-primitives": ~2.0.2
    "@mapbox/point-geometry": ^0.1.0
    "@mapbox/unitbezier": ^0.0.0
    csscolorparser: ~1.0.2
    json-stringify-pretty-compact: ^2.0.0
    minimist: ^1.2.5
    rw: ^1.3.3
    sort-object: ^0.3.2
  bin:
    gl-style-composite: bin/gl-style-composite
    gl-style-format: bin/gl-style-format
    gl-style-migrate: bin/gl-style-migrate
    gl-style-validate: bin/gl-style-validate
  checksum: 730781434e885f06259a585de60afe7391d8ea019259053f5480359949fffb6a5f6c43f4b1fae178417582071b90f602bad0b475f4257d91845c7c215cdaab0a
  languageName: node
  linkType: hard

"@mapbox/point-geometry@npm:^0.1.0":
  version: 0.1.0
  resolution: "@mapbox/point-geometry@npm:0.1.0"
  checksum: 03b9b0d106dca7469a0dc555e79460ee6371e1db04a094539bcf4447425e9bee9362453d50cbb69412246a327aa800fcb0a734af5294208f21366cbf8fc1cb61
  languageName: node
  linkType: hard

"@mapbox/react-keybinding@npm:@vicapow-org/react-keybinding@latest":
  version: 3.0.0
  resolution: "@vicapow-org/react-keybinding@npm:3.0.0"
  dependencies:
    create-react-class: ^15.6.3
    prop-types: ^15.6.1
  peerDependencies:
    react: ">=0.15.0 <17.0.0"
  checksum: 55b8d295ac4818bbcb28422af2c74befd0c9b44c898ab75ccbb537c132d73d9b2f90402565d1bcd59b3332dca739ab2b8ebf04e883378e8342630330df46e96a
  languageName: node
  linkType: hard

"@mapbox/tiny-sdf@npm:^1.1.0":
  version: 1.1.1
  resolution: "@mapbox/tiny-sdf@npm:1.1.1"
  checksum: c449b45c5d8023320476b9e2a33c16e971eda98a5b01d0ea6ef75c405afead0625e56538c26b372e810764414d6613d690e000309ec0209dba8e44b1d9d22fa6
  languageName: node
  linkType: hard

"@mapbox/unitbezier@npm:^0.0.0":
  version: 0.0.0
  resolution: "@mapbox/unitbezier@npm:0.0.0"
  checksum: e365d54a708109354365e73ceaf35a15c4a58a1d688ab0e2366e7e32ad3b2ea6db45f05eb666b0f98154039d5ec50e316800cc8a49abffd41ee7b1f1469cdb7c
  languageName: node
  linkType: hard

"@math.gl/web-mercator@npm:^3.1.3":
  version: 3.4.1
  resolution: "@math.gl/web-mercator@npm:3.4.1"
  dependencies:
    "@babel/runtime": ^7.12.0
    gl-matrix: ^3.0.0
  checksum: 60bc700d9b76c630e829d28f0bbc00fef9991e693e076a83a283739567a9755120d76050e78503420feae11eec9d1c30c11a37e12eb4d3832841556458ebe6f9
  languageName: node
  linkType: hard

"@nebula.gl/layers@npm:0.11.2":
  version: 0.11.2
  resolution: "@nebula.gl/layers@npm:0.11.2"
  dependencies:
    "@luma.gl/constants": ^7.0.0-alpha.3
    "@turf/bbox": ">=4.0.0"
    "@turf/bbox-polygon": ">=4.0.0"
    "@turf/bearing": ">=4.0.0"
    "@turf/boolean-point-in-polygon": ">=4.0.0"
    "@turf/buffer": ">=4.0.0"
    "@turf/center": ">=4.0.0"
    "@turf/centroid": ">=4.0.0"
    "@turf/circle": ">=4.0.0"
    "@turf/destination": ">=4.0.0"
    "@turf/difference": ">=4.0.0"
    "@turf/distance": ">=4.0.0"
    "@turf/ellipse": ">=4.0.0"
    "@turf/helpers": ">=4.0.0"
    "@turf/intersect": ">=4.0.0"
    "@turf/line-intersect": ">=4.0.0"
    "@turf/nearest-point-on-line": ">=4.0.0"
    "@turf/point-to-line-distance": ">=4.0.0"
    "@turf/polygon-to-line": ">=4.0.0"
    "@turf/transform-rotate": ">=4.0.0"
    "@turf/transform-scale": ">=4.0.0"
    "@turf/transform-translate": ">=4.0.0"
    "@turf/union": ">=4.0.0"
    cubic-hermite-spline: ^1.0.1
    deck.gl: ">=6.0.5"
    geojson-types: ^2.0.1
    global: ">=4.3.0"
    viewport-mercator-project: ">=5.0.0"
  checksum: fed35de0d2e8d29d753f0c5972b38bfb7becd3b07ea8ec1fef9eeaf0d67fe522c6d0ced8fa080f9294dd410505e363adb3c39b6aa74ad8d00fd9204559dd138d
  languageName: node
  linkType: hard

"@nebula.gl/overlays@npm:0.11.0":
  version: 0.11.0
  resolution: "@nebula.gl/overlays@npm:0.11.0"
  dependencies:
    supercluster: ^6.0.1
  peerDependencies:
    react: 0.14.x - 16.x
    react-dom: 0.14.x - 16.x
  checksum: d8d5a96f3b45cab57e4876d4d4b22668042e839a65ef54b7ad77dfa5b63fe72c175affb1e0de8ed8a5d664841103021d4e6b9ffe3a830ad6c7124f6fe237a336
  languageName: node
  linkType: hard

"@turf/area@npm:6.x":
  version: 6.0.1
  resolution: "@turf/area@npm:6.0.1"
  dependencies:
    "@turf/helpers": 6.x
    "@turf/meta": 6.x
  checksum: cadbfe40a2a21f1ac1bd41a23b7af9c568c2924d4c025a80b364ad604649b180930aae5578697ef80693853a2286abf7cf4dd3b9d1871828b16e6e6d1039769c
  languageName: node
  linkType: hard

"@turf/bbox-polygon@npm:>=4.0.0":
  version: 6.0.1
  resolution: "@turf/bbox-polygon@npm:6.0.1"
  dependencies:
    "@turf/helpers": 6.x
  checksum: b4cb844b926525997b0e231b6fc521a5f0a2a2d3af0727162059e2c213050c4830a02603184cbd3c572e9d1f15daaa2c580398679e4b05ad5a2c17063d6efc05
  languageName: node
  linkType: hard

"@turf/bbox@npm:*, @turf/bbox@npm:6.x, @turf/bbox@npm:>=4.0.0":
  version: 6.0.1
  resolution: "@turf/bbox@npm:6.0.1"
  dependencies:
    "@turf/helpers": 6.x
    "@turf/meta": 6.x
  checksum: da6b3cd5e88f25db9c20ab86a195b472daeea2291cd2eb869b7a499c5c1290bfd42428f08f05a2b4a0ee157ba5d07c4664ce228a927403bf9869b7048cddd45d
  languageName: node
  linkType: hard

"@turf/bbox@npm:^5.1.5":
  version: 5.1.5
  resolution: "@turf/bbox@npm:5.1.5"
  dependencies:
    "@turf/helpers": ^5.1.5
    "@turf/meta": ^5.1.5
  checksum: a41c870aad74bcd15fc792d9fafb0f2e9a4e0d3941da677ad6a1a40bdb3ed5462d95116f0a47c53ef2b36e2bc7434070b86bd85be7dbb225072327bc50d1a92b
  languageName: node
  linkType: hard

"@turf/bearing@npm:6.x, @turf/bearing@npm:>=4.0.0":
  version: 6.0.1
  resolution: "@turf/bearing@npm:6.0.1"
  dependencies:
    "@turf/helpers": 6.x
    "@turf/invariant": 6.x
  checksum: def0d93e640e17b611328feac3a91ed356a28c02f54aef5dc56dce3af3279053fae0b8f84596b543b125beae92f95cf3ba0441471cf74a0c240b0d9f233e6884
  languageName: node
  linkType: hard

"@turf/boolean-point-in-polygon@npm:>=4.0.0":
  version: 6.0.1
  resolution: "@turf/boolean-point-in-polygon@npm:6.0.1"
  dependencies:
    "@turf/helpers": 6.x
    "@turf/invariant": 6.x
  checksum: 545888cc4338c44aafbd7e30d350d476045eebf26dc17212fc7a9239968b6a4412d729ffb4d29e8a60835b96843e63de93bdde13dd2ee495dc3290243062d188
  languageName: node
  linkType: hard

"@turf/buffer@npm:>=4.0.0":
  version: 5.1.5
  resolution: "@turf/buffer@npm:5.1.5"
  dependencies:
    "@turf/bbox": ^5.1.5
    "@turf/center": ^5.1.5
    "@turf/helpers": ^5.1.5
    "@turf/meta": ^5.1.5
    "@turf/projection": ^5.1.5
    d3-geo: 1.7.1
    turf-jsts: "*"
  checksum: 4da618981ae446013256e9d17f55cc657816eae5d5f62e968d345b323e737381977d26cee312bcedcc5e0b237bb8715684c83ae925926b2490975e31d20e645c
  languageName: node
  linkType: hard

"@turf/center@npm:>=4.0.0":
  version: 6.0.1
  resolution: "@turf/center@npm:6.0.1"
  dependencies:
    "@turf/bbox": 6.x
    "@turf/helpers": 6.x
  checksum: ca0913fbeb88282555208a8b2ca6e08b29317661345623966c02451095f40d5e8618c17c2d62badc26f05c0663677cf6addf3a87ee50d2a1e111ff3ee84e9925
  languageName: node
  linkType: hard

"@turf/center@npm:^5.1.5":
  version: 5.1.5
  resolution: "@turf/center@npm:5.1.5"
  dependencies:
    "@turf/bbox": ^5.1.5
    "@turf/helpers": ^5.1.5
  checksum: e34d47040261ebc375deb794214e3600b7121475eb598857912862b8c07aadd5457e6f848e84bdbfd1dfd4739437602cb4e132efcb76a6098d13184375f7fa2c
  languageName: node
  linkType: hard

"@turf/centroid@npm:>=4.0.0":
  version: 6.0.2
  resolution: "@turf/centroid@npm:6.0.2"
  dependencies:
    "@turf/helpers": 6.x
    "@turf/meta": 6.x
  checksum: 8d55dae818e77245d89ac96b8340f4c260c5459e5ee38ea9741d93104c84ff14b31e947a33a970ec250d32aec3dc1cff4ba615ad4d02e5a3a6be721ff2f6ba97
  languageName: node
  linkType: hard

"@turf/centroid@npm:^5.1.5":
  version: 5.1.5
  resolution: "@turf/centroid@npm:5.1.5"
  dependencies:
    "@turf/helpers": ^5.1.5
    "@turf/meta": ^5.1.5
  checksum: cb172760056aee85179590a6cd63d2c4f2abba04434198f3747b669086a82c33ebeec5f21b3d7c115f1feae3a93a5ac3589fad232ca218305027b26412ba2917
  languageName: node
  linkType: hard

"@turf/circle@npm:>=4.0.0":
  version: 6.0.1
  resolution: "@turf/circle@npm:6.0.1"
  dependencies:
    "@turf/destination": 6.x
    "@turf/helpers": 6.x
  checksum: 44f5ce2e7ad78383413bc543844f29a6d03d9eedd89736f3afbf5bc04b3330609e7bdadcd8b5f2a5553cbb4db9a8c32dae3c8099e671f0421c3ba55377c0cbed
  languageName: node
  linkType: hard

"@turf/clone@npm:6.x":
  version: 6.0.2
  resolution: "@turf/clone@npm:6.0.2"
  dependencies:
    "@turf/helpers": 6.x
  checksum: 03ddf533553c39af6ba6a43f120b8f360ea623e407d7b9b5033f67353e3cc8379d3dc1d0e883dff74345755eff06ed0552f6e8a84e8ab76e547624b279f925ea
  languageName: node
  linkType: hard

"@turf/clone@npm:^5.1.5":
  version: 5.1.5
  resolution: "@turf/clone@npm:5.1.5"
  dependencies:
    "@turf/helpers": ^5.1.5
  checksum: 4b1ba054fd9b2aab08f951a2d7565959be745f38c7f87883a9fb0ba7a1eb265f8eef06a0153b5df9500911e957a02b5899e58debea7ecc3ba0da56cd05485fd9
  languageName: node
  linkType: hard

"@turf/destination@npm:6.x, @turf/destination@npm:>=4.0.0":
  version: 6.0.1
  resolution: "@turf/destination@npm:6.0.1"
  dependencies:
    "@turf/helpers": 6.x
    "@turf/invariant": 6.x
  checksum: f6fb66656d2706327a5c509b7603a11ec3b47b808125e31466ae86945f47ac4c53b5127bf43d0cc21d2a62152038b080cb2514856c1f7836ffe9febe13ef7e93
  languageName: node
  linkType: hard

"@turf/difference@npm:>=4.0.0":
  version: 6.0.2
  resolution: "@turf/difference@npm:6.0.2"
  dependencies:
    "@turf/area": 6.x
    "@turf/helpers": 6.x
    "@turf/invariant": 6.x
    "@turf/meta": 6.x
    martinez-polygon-clipping: ^0.4.3
  checksum: 90b5816cfe090b2bdfc43053b5c7a956c0231d63d51668fbcb209d8b037fe73fa5d3443f3ee3a4dd3ce071fe64ce1fd23797433e9b8eee0c61d5070593ff9c8e
  languageName: node
  linkType: hard

"@turf/distance@npm:6.x, @turf/distance@npm:>=4.0.0":
  version: 6.0.1
  resolution: "@turf/distance@npm:6.0.1"
  dependencies:
    "@turf/helpers": 6.x
    "@turf/invariant": 6.x
  checksum: 131fd8ea8e2f87ba24b18d313a8e8cc9cdafbc1cd0ae3f6233021cd18eaaae5c82cdda72e10cfe47f366ab40aa98299b5199e6f2ba7ab30a9aea38244f39057b
  languageName: node
  linkType: hard

"@turf/ellipse@npm:>=4.0.0":
  version: 5.1.5
  resolution: "@turf/ellipse@npm:5.1.5"
  dependencies:
    "@turf/helpers": ^5.1.5
    "@turf/invariant": ^5.1.5
    "@turf/rhumb-destination": ^5.1.5
    "@turf/transform-rotate": ^5.1.5
  checksum: 8f0e25014f292a0134c886ff06285b01065ce50c436469f2c1e52c20a58c376815b64a3a13b089acf8c6b1895fe0dcdea30350500df1347d2a7e551539c719f3
  languageName: node
  linkType: hard

"@turf/helpers@npm:6.x, @turf/helpers@npm:>=4.0.0":
  version: 6.1.4
  resolution: "@turf/helpers@npm:6.1.4"
  checksum: c592c5f4baef33070da27648a5e7ebe587fb14c01e9afca34fb403d8e60602e739ee75414dd2f761df59a964ece3c867cf1e0361863c1eda95383f2739946f2e
  languageName: node
  linkType: hard

"@turf/helpers@npm:^5.1.5":
  version: 5.1.5
  resolution: "@turf/helpers@npm:5.1.5"
  checksum: dfcdfaa35b167c60af0e0dad5f8838313f626b4ff593f904ec1142cfc8285e90c553efa47f6f3e68d1e220c00ce080859fb98f87cffe79a9b3204e2db90dd2c8
  languageName: node
  linkType: hard

"@turf/intersect@npm:>=4.0.0":
  version: 6.1.3
  resolution: "@turf/intersect@npm:6.1.3"
  dependencies:
    "@turf/helpers": 6.x
    "@turf/invariant": 6.x
    martinez-polygon-clipping: ^0.4.3
  checksum: b9ae30bee86447a294b5e3f72a1502ce3ca6ab7abd329de00dec87d882d3bd74a43f418214b9799e103836331c625f5718e854742ac8f296594c75a0c07358c7
  languageName: node
  linkType: hard

"@turf/invariant@npm:6.x":
  version: 6.1.2
  resolution: "@turf/invariant@npm:6.1.2"
  dependencies:
    "@turf/helpers": 6.x
  checksum: f18fea27c1dbb2f944a258ae88e2408f2a637763a382d8ecbe011c810cde0f47c8f7fae8b2fae89bc87df882b8a6617f25c3f275413674022314dff6f0e68148
  languageName: node
  linkType: hard

"@turf/invariant@npm:^5.1.5":
  version: 5.2.0
  resolution: "@turf/invariant@npm:5.2.0"
  dependencies:
    "@turf/helpers": ^5.1.5
  checksum: 84283df7aa94fb5bacf7336543b81426ebeb7a6d5ff7152385bff34bdfa79157c1c40231dac1d8ee57f445740b4e6693143c32c0f3ceb2222c977b6421104ebe
  languageName: node
  linkType: hard

"@turf/line-intersect@npm:6.x, @turf/line-intersect@npm:>=4.0.0":
  version: 6.0.2
  resolution: "@turf/line-intersect@npm:6.0.2"
  dependencies:
    "@turf/helpers": 6.x
    "@turf/invariant": 6.x
    "@turf/line-segment": 6.x
    "@turf/meta": 6.x
    geojson-rbush: 3.x
  checksum: 5cd54b5f3ee7575e4f28ee442c83b4b4b790480bd4773f63b6ccd8a8abdae842cd984e98b7ab501315ce4ae2908b21709b430de9983e9aba625349d90e57c64f
  languageName: node
  linkType: hard

"@turf/line-segment@npm:6.x":
  version: 6.0.2
  resolution: "@turf/line-segment@npm:6.0.2"
  dependencies:
    "@turf/helpers": 6.x
    "@turf/invariant": 6.x
    "@turf/meta": 6.x
  checksum: 22f291585f6fe0871a23d29df7843f14cb7095f6b834a917aeb98033f42660a349eff5a53a39d74397830dd93b88bb2353042f1400e2364b926a77c9d7e60228
  languageName: node
  linkType: hard

"@turf/meta@npm:6.x":
  version: 6.0.2
  resolution: "@turf/meta@npm:6.0.2"
  dependencies:
    "@turf/helpers": 6.x
  checksum: 06e70e493e220f276bd6d079dbac42ef765d08709163fa5632570c47c08e7a060ba3d59d533a70d928245502fd4fafe393b4f92fe07e6eb4f3ebe07a492ddc65
  languageName: node
  linkType: hard

"@turf/meta@npm:^5.1.5":
  version: 5.2.0
  resolution: "@turf/meta@npm:5.2.0"
  dependencies:
    "@turf/helpers": ^5.1.5
  checksum: a3ab7b553523ac84a28dfb925ef0eaeffacb07e4cfde4aa7e2db58914ca1698af04a979220d9b76fcddd897005322847c096e6629317879a5aebf3bc6730a621
  languageName: node
  linkType: hard

"@turf/nearest-point-on-line@npm:>=4.0.0":
  version: 6.0.2
  resolution: "@turf/nearest-point-on-line@npm:6.0.2"
  dependencies:
    "@turf/bearing": 6.x
    "@turf/destination": 6.x
    "@turf/distance": 6.x
    "@turf/helpers": 6.x
    "@turf/invariant": 6.x
    "@turf/line-intersect": 6.x
    "@turf/meta": 6.x
  checksum: e9a789ab05c815b61c45e1cae0fb463caca2359f58e640e248857a353cd2896ca02e1c8be27be9f73530de194a146d304c63609ac6eb3c998a79e91bdd0f378c
  languageName: node
  linkType: hard

"@turf/point-to-line-distance@npm:>=4.0.0":
  version: 6.0.0
  resolution: "@turf/point-to-line-distance@npm:6.0.0"
  dependencies:
    "@turf/bearing": 6.x
    "@turf/distance": 6.x
    "@turf/helpers": 6.x
    "@turf/invariant": 6.x
    "@turf/meta": 6.x
    "@turf/projection": 6.x
    "@turf/rhumb-bearing": 6.x
    "@turf/rhumb-distance": 6.x
  checksum: e9b1ca998c98adffd2d2886a3a47faf8ade07d73932ddabf60e80670cbd011eb378225a5e02e087418495be4865ccdf72484e791a3baabb6c6db2b976ca98113
  languageName: node
  linkType: hard

"@turf/polygon-to-line@npm:>=4.0.0":
  version: 6.0.3
  resolution: "@turf/polygon-to-line@npm:6.0.3"
  dependencies:
    "@turf/helpers": 6.x
    "@turf/invariant": 6.x
  checksum: 06617a6343cbee681768c0d22fe3e054e677b9ddb3411b68b236df3dc2b78822a894ce7c37f8990951fa669c30405886e07da7f29ea8bc622234634299cbcd43
  languageName: node
  linkType: hard

"@turf/projection@npm:6.x":
  version: 6.0.1
  resolution: "@turf/projection@npm:6.0.1"
  dependencies:
    "@turf/clone": 6.x
    "@turf/helpers": 6.x
    "@turf/meta": 6.x
  checksum: c086ed0ed225c150885503bbe881000c13a0ef6f0a81354b9c072c34d550fd0b7d4e93b6737b80ca07a744b981199d4c48756245bb79205ce5614ac99de12bc8
  languageName: node
  linkType: hard

"@turf/projection@npm:^5.1.5":
  version: 5.1.5
  resolution: "@turf/projection@npm:5.1.5"
  dependencies:
    "@turf/clone": ^5.1.5
    "@turf/helpers": ^5.1.5
    "@turf/meta": ^5.1.5
  checksum: 7537a598073534ec91ee9c054b539248e8767ff7613c6b04b2a25ec659fdaa4743a3a98c7dbc64bf34ca427d3b3af362632ab3b0a2ad8cf4ae50df502e524255
  languageName: node
  linkType: hard

"@turf/rhumb-bearing@npm:6.x":
  version: 6.0.1
  resolution: "@turf/rhumb-bearing@npm:6.0.1"
  dependencies:
    "@turf/helpers": 6.x
    "@turf/invariant": 6.x
  checksum: d51108a480bca62b9aa0fb51b3dbfc0d7deb8a7f73723fa2ed3dc380b29db6b72e9544a4018d7070d60a86d452157a70ee9bc4cc7ee9f51d4b45549553b61929
  languageName: node
  linkType: hard

"@turf/rhumb-bearing@npm:^5.1.5":
  version: 5.1.5
  resolution: "@turf/rhumb-bearing@npm:5.1.5"
  dependencies:
    "@turf/helpers": ^5.1.5
    "@turf/invariant": ^5.1.5
  checksum: 1db8e54da170e30fc08fefabf7a9c60b4c148c7756467997b49cd0b53a4e56b4a2356e34faf7f2b661346de099d23da5cf3002c32ec0a90e7c1bbc02b0e5489f
  languageName: node
  linkType: hard

"@turf/rhumb-destination@npm:^5.1.5":
  version: 5.1.5
  resolution: "@turf/rhumb-destination@npm:5.1.5"
  dependencies:
    "@turf/helpers": ^5.1.5
    "@turf/invariant": ^5.1.5
  checksum: d8b89c303237fde644c2a45dd3ba9538afe6d074e11985bab445e8f4ce8d48e31866ee38e8377481175ba178e8ded6b5495f68ad726af42295586861c8ed952f
  languageName: node
  linkType: hard

"@turf/rhumb-distance@npm:6.x":
  version: 6.0.1
  resolution: "@turf/rhumb-distance@npm:6.0.1"
  dependencies:
    "@turf/helpers": 6.x
    "@turf/invariant": 6.x
  checksum: 7fe74461c89c5a933916be5986d10edeca1bfd53d8f04cf54c61d9147434a5f1de0fa9edb388b14fa28cffd9b47ebfa4baff1b1a17f24773e216300ea2a559fc
  languageName: node
  linkType: hard

"@turf/rhumb-distance@npm:^5.1.5":
  version: 5.1.5
  resolution: "@turf/rhumb-distance@npm:5.1.5"
  dependencies:
    "@turf/helpers": ^5.1.5
    "@turf/invariant": ^5.1.5
  checksum: 01be92ca3bbd575fb0dcb406f34a28e317e491b2394284e8bc9204346db9ac47381ba045cd46a6ffddce900f0316945c32e11d3c9202e21de2c43b8a960d1cb3
  languageName: node
  linkType: hard

"@turf/transform-rotate@npm:>=4.0.0, @turf/transform-rotate@npm:^5.1.5":
  version: 5.1.5
  resolution: "@turf/transform-rotate@npm:5.1.5"
  dependencies:
    "@turf/centroid": ^5.1.5
    "@turf/clone": ^5.1.5
    "@turf/helpers": ^5.1.5
    "@turf/invariant": ^5.1.5
    "@turf/meta": ^5.1.5
    "@turf/rhumb-bearing": ^5.1.5
    "@turf/rhumb-destination": ^5.1.5
    "@turf/rhumb-distance": ^5.1.5
  checksum: b47a4d870c896e62f81e806a6d271473c528d323c36bd378e1e74815c84e570e0699735321ff73bf59fcce28e2cca2299178b92b36732cc89fed593b7ac5a3ba
  languageName: node
  linkType: hard

"@turf/transform-scale@npm:>=4.0.0":
  version: 5.1.5
  resolution: "@turf/transform-scale@npm:5.1.5"
  dependencies:
    "@turf/bbox": ^5.1.5
    "@turf/center": ^5.1.5
    "@turf/centroid": ^5.1.5
    "@turf/clone": ^5.1.5
    "@turf/helpers": ^5.1.5
    "@turf/invariant": ^5.1.5
    "@turf/meta": ^5.1.5
    "@turf/rhumb-bearing": ^5.1.5
    "@turf/rhumb-destination": ^5.1.5
    "@turf/rhumb-distance": ^5.1.5
  checksum: 40cc563d6c6c11e405d1dd2337420bf025ede6b110768f20ef4ea20d00bd7d0fcb76e594d61cb5ab5826acb0952158db3967d857abc2ef36b747c42e8e1152c0
  languageName: node
  linkType: hard

"@turf/transform-translate@npm:>=4.0.0":
  version: 5.1.5
  resolution: "@turf/transform-translate@npm:5.1.5"
  dependencies:
    "@turf/clone": ^5.1.5
    "@turf/helpers": ^5.1.5
    "@turf/invariant": ^5.1.5
    "@turf/meta": ^5.1.5
    "@turf/rhumb-destination": ^5.1.5
  checksum: 9c8cf108d0251eb8708d651ff7ebec80e03885195480559ac9780357d17b2e14441cee42f85804a2f924c454934eca465af9299440909f58da9e91e6ec38147a
  languageName: node
  linkType: hard

"@turf/union@npm:>=4.0.0":
  version: 6.0.3
  resolution: "@turf/union@npm:6.0.3"
  dependencies:
    "@turf/helpers": 6.x
    "@turf/invariant": 6.x
    martinez-polygon-clipping: ^0.4.3
  checksum: 3723f3a16990adea60d65925e4f9c98c833340376c7b7d4d9e7eacf7ecc338e948ad7096d7ec088e18049d3d33317716f9e3a308ea2c36ce8c89221a1c4d3ad3
  languageName: node
  linkType: hard

"array-source@npm:0.0":
  version: 0.0.4
  resolution: "array-source@npm:0.0.4"
  checksum: 8d36248c2b43be79ecaa4074c4d7641dcbf11ec524aaf35d12ccf939d313bd14b0421fae7bc860cd3e95ac831cd10953dcb5dbfd455d8cd98e914baf05e38b42
  languageName: node
  linkType: hard

"buffer-from@npm:^1.0.0":
  version: 1.1.1
  resolution: "buffer-from@npm:1.1.1"
  checksum: 540ceb79c4f5bfcadaabbc18324fa84c50dc52905084be7c03596a339cf5a88513bee6831ce9b36ddd046fab09257a7c80686e129d0559a0cfd141da196ad956
  languageName: node
  linkType: hard

"commander@npm:2":
  version: 2.20.3
  resolution: "commander@npm:2.20.3"
  checksum: b73428e97de7624323f81ba13f8ed9271de487017432d18b4da3f07cfc528ad754bbd199004bd5d14e0ccd67d1fdfe0ec8dbbd4c438b401df3c4cc387bfd1daa
  languageName: node
  linkType: hard

"concat-stream@npm:^1.6.2":
  version: 1.6.2
  resolution: "concat-stream@npm:1.6.2"
  dependencies:
    buffer-from: ^1.0.0
    inherits: ^2.0.3
    readable-stream: ^2.2.2
    typedarray: ^0.0.6
  checksum: 7a97b7a7d0938e36800bdb6f5caf938bac8c523a6ec15df1f2ac41d3785541be30a6671c9f4c0d1ac9609e6ab29dcab8f54d1c84035e3e3b7b24f9336da68ab0
  languageName: node
  linkType: hard

"core-util-is@npm:~1.0.0":
  version: 1.0.2
  resolution: "core-util-is@npm:1.0.2"
  checksum: 089015ee3c462dfceba70faa1df83b42a7bb35db26dae6af283247b06fe3216c65fccd9f00eebcaf98300dc31e981d56aae9f90b624f8f6ff1153e235ff88b65
  languageName: node
  linkType: hard

"create-react-class@npm:^15.6.3":
  version: 15.7.0
  resolution: "create-react-class@npm:15.7.0"
  dependencies:
    loose-envify: ^1.3.1
    object-assign: ^4.1.1
  checksum: b961a66896ff89ad5451e6cf6a686c03716ecb50f7c61b24864cda5aa18d52ce817b94bbeace3e126b19a1cc926c75f34c0777a6f4004fc947221836b13d4479
  languageName: node
  linkType: hard

"csscolorparser@npm:~1.0.2":
  version: 1.0.3
  resolution: "csscolorparser@npm:1.0.3"
  checksum: 377faf478a5fd10fa6bb1ee2c559784c6d61f0dfd40ac2ca660c348ebe648e2a4d0502aebc6bbdfef3cdc161ab9161cfe651f11a226b354b6479bd92a0eb3404
  languageName: node
  linkType: hard

"cubic-hermite-spline@npm:^1.0.1":
  version: 1.0.1
  resolution: "cubic-hermite-spline@npm:1.0.1"
  checksum: e353404fa85956d0715b53e69f603048a2802295ae0da8a9b6e862856844a663d78bb76493c1dec87bb36a63938fa1c0ace2150af7710dbd3244ec6c8256f8f9
  languageName: node
  linkType: hard

"d3-array@npm:1":
  version: 1.2.4
  resolution: "d3-array@npm:1.2.4"
  checksum: ab114c72ccdcb3f53807574c003816ad6ac65c2c2db2b17b18e2678f1141881dfa0ddab60af63d73e428c826e4580b6cb9e93cb776c777c79fec9f75057d8fbd
  languageName: node
  linkType: hard

"d3-geo@npm:1.7.1":
  version: 1.7.1
  resolution: "d3-geo@npm:1.7.1"
  dependencies:
    d3-array: 1
  checksum: 312f70827638de1710713a7d5050d0ae97c519fc30309453e124cb08af6a5d8b1009ba91cb3cd6681a29a38b40c7172d026f29715a6940a2395f7a28c8e7f3d2
  languageName: node
  linkType: hard

"d3-hexbin@npm:^0.2.1":
  version: 0.2.2
  resolution: "d3-hexbin@npm:0.2.2"
  checksum: 5af480ddaadeb18573b7475bae01ab6a8e742877753903d78fc7a81756a4daa23a0918f3c1b038a3065e858235927213bb7e13e1a9eb529543f3c4b00de06bec
  languageName: node
  linkType: hard

"deck.gl@npm:6.x":
  version: 6.4.10
  resolution: "deck.gl@npm:6.4.10"
  dependencies:
    "@deck.gl/core": ^6.4.10
    "@deck.gl/layers": ^6.4.10
    "@deck.gl/react": ^6.4.10
  checksum: cceac3d30077bb7894e2240d3b6cf4b7c96db5d218aaf44facfcfe3fb0e08fb8dbab261a5e5f127fed6d444e1583a0668196849d5e0f88e23ab2cb7542db4a15
  languageName: node
  linkType: hard

"dom-walk@npm:^0.1.0":
  version: 0.1.2
  resolution: "dom-walk@npm:0.1.2"
  checksum: 948c7527f3798cae9d7039cc0e5dc9f013ebd701d7d99478bac79d7d9eb8b81e7b6e836526e21ed9b156466b268e30ea0f2d5b72df955fabec3ce2aa7dc0086e
  languageName: node
  linkType: hard

"earcut@npm:^2.0.6":
  version: 2.2.2
  resolution: "earcut@npm:2.2.2"
  checksum: 030e091437c4fae34c4538e0886a1d7c68f67c3ec3ba793210b280df24b329221ed81179e300742abf7aa2c394332a77395133c5163717b1806cebab6aa6c88c
  languageName: node
  linkType: hard

"file-source@npm:0.6":
  version: 0.6.1
  resolution: "file-source@npm:0.6.1"
  dependencies:
    stream-source: 0.3
  checksum: 240fdfbf08754cad1b7bee85e72a21569242491ffeba31c511b10d7ccda33557daecc2267fae774b1b9ffb5ae36df3f82107f3c9355885a6e3d566a0ac604746
  languageName: node
  linkType: hard

"geobuf@npm:3.0.1":
  version: 3.0.1
  resolution: "geobuf@npm:3.0.1"
  dependencies:
    concat-stream: ^1.6.2
    pbf: ^3.1.0
    shapefile: ~0.6.6
  bin:
    geobuf2json: bin/geobuf2json
    json2geobuf: bin/json2geobuf
    shp2geobuf: bin/shp2geobuf
  checksum: 978a88c305d1f42b2132aafa714f57a86dc6a5b08b76145cd73960ad4339c1be75184c8157596a8bdf470abe681e6a9d3b2efd800b15adfbeadd4a9da4103393
  languageName: node
  linkType: hard

"geojson-rbush@npm:3.x":
  version: 3.1.2
  resolution: "geojson-rbush@npm:3.1.2"
  dependencies:
    "@turf/bbox": "*"
    "@turf/helpers": 6.x
    "@turf/meta": 6.x
    rbush: ^2.0.0
  checksum: b62aa3e2e452cd30506fa01b9d443614bc30a65174ce6370bc847e81fd53bd013fe66ea18fdbe0e65f84c8c4d655769e0185c947f7831021a64115e4474faf01
  languageName: node
  linkType: hard

"geojson-types-DEPRECATED@npm:geojson-types@latest, geojson-types@npm:^2.0.1":
  version: 2.0.1
  resolution: "geojson-types@npm:2.0.1"
  checksum: 443478c3ec380111fd06b3a410d5ee83e9ac06d22d4b0f0b932583fcc643b085f0bdcc0610930a7d9c1af0337a988cdebd3ac84f2fd1b687e30362159d253b09
  languageName: node
  linkType: hard

"gl-matrix@npm:^3.0.0":
  version: 3.3.0
  resolution: "gl-matrix@npm:3.3.0"
  checksum: d75bac9b6b40d6a97c8fd507e76129dae91d84685d5eaf622600ddc811f31fe89d917bb5ddbf8575ce19cf7a993a10bcd5db138ba9bdf2630cf53ec43dc7afa0
  languageName: node
  linkType: hard

"gl-vec2@npm:1.2.0":
  version: 1.2.0
  resolution: "gl-vec2@npm:1.2.0"
  checksum: abc675d5a25ec86d9babdfd3988e8a12d0dca0adc66d78eec36309d509d111c83edd90099e225b32521b0126fba8e7e7c59a2f95dbc7c41b40935ed34b9ced1d
  languageName: node
  linkType: hard

"global@npm:>=4.3.0":
  version: 4.4.0
  resolution: "global@npm:4.4.0"
  dependencies:
    min-document: ^2.19.0
    process: ^0.11.10
  checksum: da0cf92ef034b63cf4d0fe5e14cb71bc4c748b8c1bbeabe4061443562ba8e9027774f8074e66543fa98f0d965da6d11e0861e3bf8c628b7ab19220e8ee18cc71
  languageName: node
  linkType: hard

"hammerjs@npm:^2.0.8":
  version: 2.0.8
  resolution: "hammerjs@npm:2.0.8"
  checksum: 68178494e20c711ca4beefd644a57d09452436697e511c6777836ed184d5c96d9a92c001a7bb51eb2fa98220f814a7d79606dbd44ed569adad7d0c9d32d4ba77
  languageName: node
  linkType: hard

"ieee754@npm:^1.1.12":
  version: 1.2.1
  resolution: "ieee754@npm:1.2.1"
  checksum: 6c1cfab995ecab3b0dbb6cfb7e192686eb02f0f8e788f2d962e1fc02e2d5ab38a85e06d417221f136bd029663a77cdb920d99605d68d3730a05597dd7910426a
  languageName: node
  linkType: hard

"inherits@npm:^2.0.3, inherits@npm:~2.0.3":
  version: 2.0.4
  resolution: "inherits@npm:2.0.4"
  checksum: 98426da247ddfc3dcd7d7daedd90c3ca32d5b08deca08949726f12d49232aef94772a07b36cf4ff833e105ae2ef931777f6de4a6dd8245a216b9299ad4a50bea
  languageName: node
  linkType: hard

"isarray@npm:~1.0.0":
  version: 1.0.0
  resolution: "isarray@npm:1.0.0"
  checksum: b0ff31a290e783f7b3fb73f2951ee7fc2946dc197b05f73577dc77f87dc3be2e0f66007bedf069123d4e5c4b691e7c89a241f6ca06f0c0f4765cdac5aa4b4047
  languageName: node
  linkType: hard

"js-tokens@npm:^3.0.0 || ^4.0.0":
  version: 4.0.0
  resolution: "js-tokens@npm:4.0.0"
  checksum: 1fc4e4667ac2d972aba65148b9cbf9c17566b2394d3504238d8492bbd3e68f496c657eab06b26b40b17db5cac0a34d153a12130e2d2d2bb6dc2cdc8a4764eb1b
  languageName: node
  linkType: hard

"json-stringify-pretty-compact@npm:^2.0.0":
  version: 2.0.0
  resolution: "json-stringify-pretty-compact@npm:2.0.0"
  checksum: 6a1486316e46aa21fea49ad3d6b3268089b118600ffa2ace85812b3300af09681f7bd86114d1334d113df5e70d3655a7c261406fead3eba7ecef9bc7b84c5f3b
  languageName: node
  linkType: hard

"kdbush@npm:^3.0.0":
  version: 3.0.0
  resolution: "kdbush@npm:3.0.0"
  checksum: c7dc26df97d444cb81ee870fed64b095a3c42e515143895128306123c4ffbd473e8df026e6bcd17bc9e4c33fdf2bb4c2901a3b60f864d39947bbfc0ae7fb2af2
  languageName: node
  linkType: hard

"long@npm:^3.2.0":
  version: 3.2.0
  resolution: "long@npm:3.2.0"
  checksum: abfdbab5ddaea449b64d0f44d7450d0f3b5b79bc8a934f29d41cb728e5557831d5cb1c8ef93fc8da77563b39a6d807ab1e8f87c7e70ff5ead5b53803e3eb4c8f
  languageName: node
  linkType: hard

"loose-envify@npm:^1.3.1, loose-envify@npm:^1.4.0":
  version: 1.4.0
  resolution: "loose-envify@npm:1.4.0"
  dependencies:
    js-tokens: ^3.0.0 || ^4.0.0
  bin:
    loose-envify: cli.js
  checksum: 5c3b47bbe5f597a3889fb001a3a98aaea2a3fafa48089c19034de1e0121bf57dbee609d184478514d74d5c5a7e9cfa3d846343455e5123b060040d46c39e91dc
  languageName: node
  linkType: hard

"luma.gl@npm:6.4.3, luma.gl@npm:6.x, luma.gl@npm:^6.4.2":
  version: 6.4.3
  resolution: "luma.gl@npm:6.4.3"
  dependencies:
    "@babel/runtime": ^7.0.0
    math.gl: ^2.3.0
    probe.gl: ^2.0.1
    seer: ^0.2.4
    webgl-debug: ^2.0.0
  checksum: 4cd910035c2fe01b05a49dbb4a8cc7625e41071d1f208721ff59942c34906a6d55c6db8685ebaab7a2935cff01f07298b1387e6a14900bf980e46a93dffed6d8
  languageName: node
  linkType: hard

"martinez-polygon-clipping@npm:^0.4.3":
  version: 0.4.3
  resolution: "martinez-polygon-clipping@npm:0.4.3"
  dependencies:
    splaytree: ^0.1.4
    tinyqueue: ^1.2.0
  checksum: 05be8b04b4e6791dc7a2f3e9f4a2ac2facee56293733d7d1b591c29895ce0ec0ba0baa02487d277ce7ae6695522994a0e6245a8119d57e74f7cb7ec37d5d5917
  languageName: node
  linkType: hard

"math.gl@npm:2.3.3, math.gl@npm:^2.3.0":
  version: 2.3.3
  resolution: "math.gl@npm:2.3.3"
  dependencies:
    "@babel/runtime": ^7.0.0
    gl-matrix: ^3.0.0
  checksum: 84c1626eaa273b97b6d78f1a5e9d69f114753e70a8e615d5b92cbe2ae213b3f31c00be12507d6b2392b050a44c31012b1c6d9e0d540e962f42f1735323e1461a
  languageName: node
  linkType: hard

"min-document@npm:^2.19.0":
  version: 2.19.0
  resolution: "min-document@npm:2.19.0"
  dependencies:
    dom-walk: ^0.1.0
  checksum: 8da883996e00a53729e867dad45a358c6d8b3b55f2473a20768c1a2b4642d0983bc61827cf29eb98c53d7290c2a1a74a5cba60873857da416bdfae09bf73bb21
  languageName: node
  linkType: hard

"minimist@npm:^1.2.5":
  version: 1.2.5
  resolution: "minimist@npm:1.2.5"
  checksum: b77b8590147a4e217ff34266236bc39de23b52e6e33054076991ff674c7397a1380a7bde11111916f16f003a94aaa7e4f3d92595a32189644ff607fabc65a5b6
  languageName: node
  linkType: hard

"mjolnir.js@npm:^2.0.3":
  version: 2.5.0
  resolution: "mjolnir.js@npm:2.5.0"
  dependencies:
    "@babel/runtime": ^7.0.0
    hammerjs: ^2.0.8
  checksum: 551e680ce18f4f1e37ae13c1947e6084595231109a6c3ad1a69430662780026c99a55c52f61a6753067ecd108b98db6bcc846060cb521f2607bddc4cb6805feb
  languageName: node
  linkType: hard

"nebula.gl-react@npm:0.10.5":
  version: 0.10.5
  resolution: "nebula.gl-react@npm:0.10.5"
  dependencies:
    nebula.gl: 0.10.5
    supercluster: ^6.0.1
  peerDependencies:
    react: 0.14.x - 16.x
    react-dom: 0.14.x - 16.x
  checksum: f6c96a613893d6ae2887b6bd3011442d87428873890a7f4cd2d1edfc8ca8f912ae60f43375c6522e52a771cf4661887f715d97be911f242940ba951bd9e8dffc
  languageName: node
  linkType: hard

"nebula.gl@npm:0.10.5":
  version: 0.10.5
  resolution: "nebula.gl@npm:0.10.5"
  dependencies:
    "@luma.gl/constants": ^7.0.0-alpha.3
    "@turf/bbox": ">=4.0.0"
    "@turf/bbox-polygon": ">=4.0.0"
    "@turf/bearing": ">=4.0.0"
    "@turf/boolean-point-in-polygon": ">=4.0.0"
    "@turf/buffer": ">=4.0.0"
    "@turf/center": ">=4.0.0"
    "@turf/centroid": ">=4.0.0"
    "@turf/circle": ">=4.0.0"
    "@turf/destination": ">=4.0.0"
    "@turf/difference": ">=4.0.0"
    "@turf/distance": ">=4.0.0"
    "@turf/ellipse": ">=4.0.0"
    "@turf/helpers": ">=4.0.0"
    "@turf/intersect": ">=4.0.0"
    "@turf/line-intersect": ">=4.0.0"
    "@turf/nearest-point-on-line": ">=4.0.0"
    "@turf/point-to-line-distance": ">=4.0.0"
    "@turf/polygon-to-line": ">=4.0.0"
    "@turf/transform-rotate": ">=4.0.0"
    "@turf/transform-scale": ">=4.0.0"
    "@turf/transform-translate": ">=4.0.0"
    "@turf/union": ">=4.0.0"
    cubic-hermite-spline: ^1.0.1
    deck.gl: ">=6.0.5"
    geojson-types: ^2.0.1
    global: ">=4.3.0"
    viewport-mercator-project: ">=5.0.0"
  checksum: 4060b1b5726b77b61a925ada2a137e41d973105c4e19db0cde45e5275a9f1e09c0cd2afb62036bb955efc85788613f5bcbb16bdc689987442075c3d978a90c3e
  languageName: node
  linkType: hard

"object-assign@npm:^4.1.1":
  version: 4.1.1
  resolution: "object-assign@npm:4.1.1"
  checksum: 66cf021898fc1b13ea573ea8635fbd5a76533f50cecbc2fcd5eee1e8029af41bcebe7023788b6d0e06cbe4401ecea075d972f78ec74467cdc571a0f1a4d1a081
  languageName: node
  linkType: hard

"path-source@npm:0.1":
  version: 0.1.3
  resolution: "path-source@npm:0.1.3"
  dependencies:
    array-source: 0.0
    file-source: 0.6
  checksum: 3c292c20b25c3826173fcbd70d499b5a248f74db4dcab4f3df53ead7fe836fa4609a3d65fae7feb282830e5d8a66a195e882981c6a91f7af2a43234cb1b11adf
  languageName: node
  linkType: hard

"pbf@npm:^3.1.0":
  version: 3.2.1
  resolution: "pbf@npm:3.2.1"
  dependencies:
    ieee754: ^1.1.12
    resolve-protobuf-schema: ^2.1.0
  bin:
    pbf: bin/pbf
  checksum: bad0619a0cfa3d876b955442da021a9106258d989870371abd0837e1f1aaa13e5f30d7d3b4a8aa5ba73691e88cc88a3a99192c37de3ac1abe65f6d9df19b3bcf
  languageName: node
  linkType: hard

"probe.gl@npm:^2.0.1":
  version: 2.1.0
  resolution: "probe.gl@npm:2.1.0"
  dependencies:
    "@babel/runtime": ^7.0.0
  checksum: 5647c443a21fd284b4c90eb906b1a35cf8c9ad3761a43d80eaebabd2698cdab629f1aec1307b76bb172e08efd7d359df546d561f8d527c942fdf42368768f32c
  languageName: node
  linkType: hard

"process-nextick-args@npm:~2.0.0":
  version: 2.0.1
  resolution: "process-nextick-args@npm:2.0.1"
  checksum: ddeb0f07d0d5efa649c2c5e39d1afd0e3668df2b392d036c8a508b0034f7beffbc474b3c2f7fd3fed2dc4113cef8f1f7e00d05690df3c611b36f6c7efd7852d1
  languageName: node
  linkType: hard

"process@npm:^0.11.10":
  version: 0.11.10
  resolution: "process@npm:0.11.10"
  checksum: ed93a85e9185b40fb01788c588a87c1a9da0eb925ef7cebebbe1b8bbf0eba1802130366603a29e3b689c116969d4fe018de6aed3474bbeb5aefb3716b85d6449
  languageName: node
  linkType: hard

"prop-types@npm:^15.6.0, prop-types@npm:^15.6.1":
  version: 15.7.2
  resolution: "prop-types@npm:15.7.2"
  dependencies:
    loose-envify: ^1.4.0
    object-assign: ^4.1.1
    react-is: ^16.8.1
  checksum: a440dd406c5cf53bf39f3e898d2c65178511d34ca3c8c789b30c177992408b9e4273969726b274719aa69ccce5ab34b2fd8caa60b90f23cd2e910cdcf682de52
  languageName: node
  linkType: hard

"protocol-buffers-schema@npm:^3.3.1":
  version: 3.4.0
  resolution: "protocol-buffers-schema@npm:3.4.0"
  checksum: 21853c4225a5593cf6543383d959b5bf69a65bb0067324a451969b8917ec4ad25f597de4c966bd39450bfa7fbfd8f4caa12e6a232d7c0fa49ec4fb3168f65350
  languageName: node
  linkType: hard

"quickselect@npm:^1.0.1":
  version: 1.1.1
  resolution: "quickselect@npm:1.1.1"
  checksum: 40038a918248b54389383c340139912716b35393688af27fa391d77b372ef393f31982d16aceb1240f2cb4a88d6c6cba8d2b198a8918f83e04ca333cc7121ed4
  languageName: node
  linkType: hard

"rbush@npm:^2.0.0":
  version: 2.0.2
  resolution: "rbush@npm:2.0.2"
  dependencies:
    quickselect: ^1.0.1
  checksum: 21d330c39b2c42198882837d0ffc7614d9ff76be18b7230ff434d9747e2f88cf424b15d5dd3bc026d1c76bfdcb197548ca309f6c9530c76808845f4298b67f86
  languageName: node
  linkType: hard

"react-is@npm:^16.8.1":
  version: 16.13.1
  resolution: "react-is@npm:16.13.1"
  checksum: 11bcf1267a314a522615f626f3ce3727a3a24cdbf61c4d452add3550a7875326669631326cfb1ba3e92b6f72244c32ffecf93ad21c0cad8455d3e169d0e3f060
  languageName: node
  linkType: hard

"readable-stream@npm:^2.2.2":
  version: 2.3.7
  resolution: "readable-stream@npm:2.3.7"
  dependencies:
    core-util-is: ~1.0.0
    inherits: ~2.0.3
    isarray: ~1.0.0
    process-nextick-args: ~2.0.0
    safe-buffer: ~5.1.1
    string_decoder: ~1.1.1
    util-deprecate: ~1.0.1
  checksum: 6e3826560627a751feb3a8aec073ef94c6e47b8c8e06eb5d136323b5f09db9d2077c23a42a8d54ed0123695af54b36c1e4271a8ec55112b15f4b89020d8dec72
  languageName: node
  linkType: hard

"regenerator-runtime@npm:^0.13.4":
  version: 0.13.7
  resolution: "regenerator-runtime@npm:0.13.7"
  checksum: 6ef567c662088b1b292214920cbd72443059298d477f72e1a37e0a113bafbfac9057cbfe35ae617284effc4b423493326a78561bbff7b04162c7949bdb9624e8
  languageName: node
  linkType: hard

"resolve-protobuf-schema@npm:^2.1.0":
  version: 2.1.0
  resolution: "resolve-protobuf-schema@npm:2.1.0"
  dependencies:
    protocol-buffers-schema: ^3.3.1
  checksum: fdbd108590df066d502f73ca3b000f206ccc9cc1cee6140587905c446ad53026cf34769cb781ecc7dab4ed7d5bf7ed63518ad97678ae716e879ae7e657653ea5
  languageName: node
  linkType: hard

"rw@npm:^1.3.3":
  version: 1.3.3
  resolution: "rw@npm:1.3.3"
  checksum: 8eb664ac5e5612d026e542cfdcb871f4705eb787032418fe1677e4bfa2e5afe4c2f1ffa4be0d4a30773645890424626744201fe10189a1993c43d3c5ec262ecb
  languageName: node
  linkType: hard

"s2-geometry@npm:1.2.10":
  version: 1.2.10
  resolution: "s2-geometry@npm:1.2.10"
  dependencies:
    long: ^3.2.0
  checksum: 9d5676044dc3bbd72538ecab5b5be3ac997b03b0eaa9b0421f5c6c620b0b73078879131f3c90685fddadfdbb0935edf02a41a17801fc7d7b74fb93ddad5da1c0
  languageName: node
  linkType: hard

"safe-buffer@npm:~5.1.0, safe-buffer@npm:~5.1.1":
  version: 5.1.2
  resolution: "safe-buffer@npm:5.1.2"
  checksum: 2708587c1b5e70a5e420714ceb59f30f5791c6e831d39812125a008eca63a4ac18578abd020a0776ea497ff03b4543f2b2a223a7b9073bf2d6c7af9ec6829218
  languageName: node
  linkType: hard

"seer@npm:^0.2.4":
  version: 0.2.5
  resolution: "seer@npm:0.2.5"
  checksum: 45797e0b6b27134e16366d7d2caa96c8fbc9ba50c9fa16ea2d6669173470970bf25e15d44285399f5abd9e20a313fcfdf08dc8985b7f7d6df11cbaa5acb77022
  languageName: node
  linkType: hard

"shapefile@npm:~0.6.6":
  version: 0.6.6
  resolution: "shapefile@npm:0.6.6"
  dependencies:
    array-source: 0.0
    commander: 2
    path-source: 0.1
    slice-source: 0.4
    stream-source: 0.3
    text-encoding: ^0.6.4
  bin:
    dbf2json: bin/dbf2json
    shp2json: bin/shp2json
  checksum: bd3faaaadf159547303d4c5a861035263a21d463b0123e6eed1782d2f0f1aa107eaf82369245ca1ec4ccad8af64b974c56ec1d6e56b154de7138859763831b18
  languageName: node
  linkType: hard

"slice-source@npm:0.4":
  version: 0.4.1
  resolution: "slice-source@npm:0.4.1"
  checksum: f38e10eeae887a17c481dc6548d938f12ed4d64fb4381b9fcbff68b53f118637590583248d2d1030a8302c8b7d2a5378902969207d5b5864d33156db6dc43a08
  languageName: node
  linkType: hard

"sort-asc@npm:^0.1.0":
  version: 0.1.0
  resolution: "sort-asc@npm:0.1.0"
  checksum: 51239be5e5417497cdace857314c74a3d4561778f3437b0e861acbdaa2eb8821a8decdce75e3166ca5f9e2a583886aa3f9f753daac793948647c359524cac499
  languageName: node
  linkType: hard

"sort-desc@npm:^0.1.1":
  version: 0.1.1
  resolution: "sort-desc@npm:0.1.1"
  checksum: d925305fb1535396b73e47be1d349c530146966b786604f56b0fc575f97a4fb588b9c1c40d672f361a534a748eae4e32e78980c8af09a7d149f495fcbd77cf9e
  languageName: node
  linkType: hard

"sort-object@npm:^0.3.2":
  version: 0.3.2
  resolution: "sort-object@npm:0.3.2"
  dependencies:
    sort-asc: ^0.1.0
    sort-desc: ^0.1.1
  checksum: d2223406212d5d3ff6cdbd5d5ad27fd04b71f3a08593176732ad44df7f730c1c933cfd3f8a1a2e70c01c3a2e1416b08bc6773e2ebd61707b7f68254c82da1dae
  languageName: node
  linkType: hard

"splaytree@npm:^0.1.4":
  version: 0.1.4
  resolution: "splaytree@npm:0.1.4"
  checksum: f55fb023015b1afdb0b8e22085f45ce312a7d49fb9c4e0dabf51603961721ebe1c54bd12d5197f7f8f078cf07830a1bca0193057853dedd2403beff5178e630e
  languageName: node
  linkType: hard

"stream-source@npm:0.3":
  version: 0.3.5
  resolution: "stream-source@npm:0.3.5"
  checksum: 04184261ac261fcaf18c1e3b31147111ea0049eb83aa64f3b7f85fed4c93fd9247baa364713afbf9baef319a03c222425d2f707000c29c16b3a5f5289e3ce922
  languageName: node
  linkType: hard

"string_decoder@npm:~1.1.1":
  version: 1.1.1
  resolution: "string_decoder@npm:1.1.1"
  dependencies:
    safe-buffer: ~5.1.0
  checksum: bc2dc169d83df1b9e94defe7716bcad8a19ffe8211b029581cb0c6f9e83a6a7ba9ec3be38d179708a8643c692868a2b8b004ab159555dc26089ad3fa7b2158f5
  languageName: node
  linkType: hard

"supercluster@npm:^6.0.1":
  version: 6.0.2
  resolution: "supercluster@npm:6.0.2"
  dependencies:
    kdbush: ^3.0.0
  checksum: 783a717620bbe6f629e770c66620964506b3776c2ecface0ebb464ccc2f3e1ada48a8ea1d00d2c4bd22787107f1d93318018fd37419203a44931ce0f93090143
  languageName: node
  linkType: hard

"text-encoding@npm:^0.6.4":
  version: 0.6.4
  resolution: "text-encoding@npm:0.6.4"
  checksum: 5ce412b5a3904c8acac354a142bb95929baac0245cb8f7e02c0f93fbd2b51a37d0aaec9f84e0b0ad8deac8e4f5a6455fb8e8ad9c2196518fe6af2997509e2238
  languageName: node
  linkType: hard

"tinyqueue@npm:^1.2.0":
  version: 1.2.3
  resolution: "tinyqueue@npm:1.2.3"
  checksum: d3942fb48503fa230963dc175080d5d49faf5cf6e6fcdcdd8eeddddee5e1d9cb0cdbec9cd001aa33b3e27a9b222301fb54ebfd99c3d2a360f8970ba1e66947bb
  languageName: node
  linkType: hard

"turf-jsts@npm:*":
  version: 1.2.3
  resolution: "turf-jsts@npm:1.2.3"
  checksum: eac14443a7a7b7308f85b879c6f8787af3941acdcb4396b892c4261703d3e7deb832f052f5e03a91508ba802342ed9ab3db69a8b3808b982fee0b6833ebbdafd
  languageName: node
  linkType: hard

"typedarray@npm:^0.0.6":
  version: 0.0.6
  resolution: "typedarray@npm:0.0.6"
  checksum: c9ef0176aaf32593514c31e5c6edc1db970847aff6e1f0a0570a6ac0cc996335792f394c2fcec59cc76691d22a01888ea073a2f3c6930cfcf7c519addf4e2ad7
  languageName: node
  linkType: hard

"util-deprecate@npm:~1.0.1":
  version: 1.0.2
  resolution: "util-deprecate@npm:1.0.2"
  checksum: 73c2b1cf0210ccac300645384d8443cabbd93194117b2dc1b3bae8d8279ad39aedac857e020c4ea505e96a1045059c7359db3df6a9df0be6b8584166c9d61dc9
  languageName: node
  linkType: hard

"viewport-mercator-project@npm:6.2.3, viewport-mercator-project@npm:^6.1.0":
  version: 6.2.3
  resolution: "viewport-mercator-project@npm:6.2.3"
  dependencies:
    "@babel/runtime": ^7.0.0
    gl-matrix: ^3.0.0
  checksum: c31fb39d4693b2e824f9725ae0ded86170d6048a4d2f3006789ef983308b10e16099f0c9dea8375475e2924d9822b15ca9144e744f55a34a821cdc96d93319be
  languageName: node
  linkType: hard

"viewport-mercator-project@npm:>=5.0.0":
  version: 7.0.1
  resolution: "viewport-mercator-project@npm:7.0.1"
  dependencies:
    "@math.gl/web-mercator": ^3.1.3
  checksum: ece2b15935c4c1be7aa029590ddf07f73843f8778bda066a4f84775dd556100be6a4ffdef1e6e6e68471539545132f5fcce7cbf71f501ae1206a5c21e44ad04c
  languageName: node
  linkType: hard

"webgl-debug@npm:^2.0.0":
  version: 2.0.1
  resolution: "webgl-debug@npm:2.0.1"
  checksum: 8b88f8dd9d8d87f392d9df81de8cc46e8ffcccf257974d894048f16d587b6114a51641383da672a2f774c4efd35e00a7e6ecbd99b00f6a50f0a73233f9bb8d57
  languageName: node
  linkType: hard

"yarn-bug@workspace:.":
  version: 0.0.0-use.local
  resolution: "yarn-bug@workspace:."
  dependencies:
    "@deck.gl/core": 6.4.10
    "@deck.gl/layers": 6.4.10
    "@deck.gl/react": 6.4.10
    "@mapbox/mapbox-gl-style-spec": 13.17.0
    "@mapbox/react-keybinding": "npm:@vicapow-org/react-keybinding@latest"
    "@nebula.gl/layers": 0.11.2
    "@nebula.gl/overlays": 0.11.0
    geobuf: 3.0.1
    geojson-types-DEPRECATED: "npm:geojson-types@latest"
    gl-vec2: 1.2.0
    luma.gl: 6.4.3
    math.gl: 2.3.3
    nebula.gl: 0.10.5
    nebula.gl-react: 0.10.5
    s2-geometry: 1.2.10
    viewport-mercator-project: 6.2.3
  languageName: unknown
  linkType: soft
